<Solution>
  <Folder Name="/Solution Items/">
    <File Path=".gitignore" />
  </Folder>
  <Folder Name="/Source/" />
  <Folder Name="/Source/ClientApps/">
    <Project Path="Source/ClientApps/MauiClientApp/MauiClientApp.csproj" Id="d4901290-512d-4a26-b644-650bafa22509">
      <Deploy Solution="Debug|*" />
    </Project>
  </Folder>
</Solution>
