<Solution>
  <Folder Name="/Solution Items/">
    <File Path=".editorconfig" />
    <File Path=".gitignore" />
    <File Path="Directory.Build.props" />
    <File Path="Directory.Build.targets" />
    <File Path="Directory.Packages.props" />
    <File Path="README.md" />
  </Folder>
  <Folder Name="/Source/" />
  <Folder Name="/Source/ClientApps/">
    <Project Path="Source/ClientApps/MauiClientApp/MauiClientApp.csproj" Id="d4901290-512d-4a26-b644-650bafa22509">
      <Deploy Solution="Debug|*" />
    </Project>
  </Folder>
</Solution>
